// !$*UTF8*$!
{
	archiveVersion = 1;
	classes = {
	};
	objectVersion = 46;
	objects = {

/* Begin PBXBuildFile section */
		7DADF85F1F347E8200BB0DF2 /* AppDelegate.swift in Sources */ = {isa = PBXBuildFile; fileRef = 7DADF85E1F347E8200BB0DF2 /* AppDelegate.swift */; };
		7DADF8631F347E8200BB0DF2 /* Assets.xcassets in Resources */ = {isa = PBXBuildFile; fileRef = 7DADF8621F347E8200BB0DF2 /* Assets.xcassets */; };
		7DADF8711F347ED100BB0DF2 /* NotificationCenter+Extension.swift in Sources */ = {isa = PBXBuildFile; fileRef = 7DADF86F1F347ED100BB0DF2 /* NotificationCenter+Extension.swift */; };
		7DADF8721F347ED100BB0DF2 /* NSMenuItem+Extension.swift in Sources */ = {isa = PBXBuildFile; fileRef = 7DADF8701F347ED100BB0DF2 /* NSMenuItem+Extension.swift */; };
		7DADF8751F347F0200BB0DF2 /* SuohaiListener.swift in Sources */ = {isa = PBXBuildFile; fileRef = 7DADF8731F347F0200BB0DF2 /* SuohaiListener.swift */; };
		7DADF8761F347F0200BB0DF2 /* SuohaiController.swift in Sources */ = {isa = PBXBuildFile; fileRef = 7DADF8741F347F0200BB0DF2 /* SuohaiController.swift */; };
		7DB6A5CA1F37081700149D6D /* Main.storyboard in Resources */ = {isa = PBXBuildFile; fileRef = 7DB6A5C91F37081700149D6D /* Main.storyboard */; };
		7DB6A5D11F37090100149D6D /* Localizable.strings in Resources */ = {isa = PBXBuildFile; fileRef = 7DB6A5D31F37090100149D6D /* Localizable.strings */; };
/* End PBXBuildFile section */

/* Begin PBXFileReference section */
		7DADF85B1F347E8200BB0DF2 /* Suohai.app */ = {isa = PBXFileReference; explicitFileType = wrapper.application; includeInIndex = 0; path = Suohai.app; sourceTree = BUILT_PRODUCTS_DIR; };
		7DADF85E1F347E8200BB0DF2 /* AppDelegate.swift */ = {isa = PBXFileReference; lastKnownFileType = sourcecode.swift; path = AppDelegate.swift; sourceTree = "<group>"; };
		7DADF8621F347E8200BB0DF2 /* Assets.xcassets */ = {isa = PBXFileReference; lastKnownFileType = folder.assetcatalog; path = Assets.xcassets; sourceTree = "<group>"; };
		7DADF8671F347E8200BB0DF2 /* Info.plist */ = {isa = PBXFileReference; lastKnownFileType = text.plist.xml; path = Info.plist; sourceTree = "<group>"; };
		7DADF86F1F347ED100BB0DF2 /* NotificationCenter+Extension.swift */ = {isa = PBXFileReference; fileEncoding = 4; lastKnownFileType = sourcecode.swift; path = "NotificationCenter+Extension.swift"; sourceTree = "<group>"; };
		7DADF8701F347ED100BB0DF2 /* NSMenuItem+Extension.swift */ = {isa = PBXFileReference; fileEncoding = 4; lastKnownFileType = sourcecode.swift; path = "NSMenuItem+Extension.swift"; sourceTree = "<group>"; };
		7DADF8731F347F0200BB0DF2 /* SuohaiListener.swift */ = {isa = PBXFileReference; fileEncoding = 4; lastKnownFileType = sourcecode.swift; path = SuohaiListener.swift; sourceTree = "<group>"; };
		7DADF8741F347F0200BB0DF2 /* SuohaiController.swift */ = {isa = PBXFileReference; fileEncoding = 4; lastKnownFileType = sourcecode.swift; path = SuohaiController.swift; sourceTree = "<group>"; };
		7DB6A5C91F37081700149D6D /* Main.storyboard */ = {isa = PBXFileReference; fileEncoding = 4; lastKnownFileType = file.storyboard; path = Main.storyboard; sourceTree = "<group>"; };
		7DB6A5D21F37090100149D6D /* en */ = {isa = PBXFileReference; lastKnownFileType = text.plist.strings; name = en; path = en.lproj/Localizable.strings; sourceTree = "<group>"; };
		7DB6A5D41F37090200149D6D /* zh-Hans */ = {isa = PBXFileReference; lastKnownFileType = text.plist.strings; name = "zh-Hans"; path = "zh-Hans.lproj/Localizable.strings"; sourceTree = "<group>"; };
/* End PBXFileReference section */

/* Begin PBXFrameworksBuildPhase section */
		7DADF8581F347E8200BB0DF2 /* Frameworks */ = {
			isa = PBXFrameworksBuildPhase;
			buildActionMask = 2147483647;
			files = (
			);
			runOnlyForDeploymentPostprocessing = 0;
		};
/* End PBXFrameworksBuildPhase section */

/* Begin PBXGroup section */
		7DADF8521F347E8200BB0DF2 = {
			isa = PBXGroup;
			children = (
				7DADF85D1F347E8200BB0DF2 /* Suohai */,
				7DADF85C1F347E8200BB0DF2 /* Products */,
			);
			sourceTree = "<group>";
		};
		7DADF85C1F347E8200BB0DF2 /* Products */ = {
			isa = PBXGroup;
			children = (
				7DADF85B1F347E8200BB0DF2 /* Suohai.app */,
			);
			name = Products;
			sourceTree = "<group>";
		};
		7DADF85D1F347E8200BB0DF2 /* Suohai */ = {
			isa = PBXGroup;
			children = (
				7DADF86E1F347EC500BB0DF2 /* Extension */,
				7DADF85E1F347E8200BB0DF2 /* AppDelegate.swift */,
				7DADF8731F347F0200BB0DF2 /* SuohaiListener.swift */,
				7DADF8741F347F0200BB0DF2 /* SuohaiController.swift */,
				7DADF8621F347E8200BB0DF2 /* Assets.xcassets */,
				7DB6A5C91F37081700149D6D /* Main.storyboard */,
				7DADF86D1F347E8E00BB0DF2 /* Supporting Files */,
			);
			path = Suohai;
			sourceTree = "<group>";
		};
		7DADF86D1F347E8E00BB0DF2 /* Supporting Files */ = {
			isa = PBXGroup;
			children = (
				7DADF8671F347E8200BB0DF2 /* Info.plist */,
				7DB6A5D31F37090100149D6D /* Localizable.strings */,
			);
			name = "Supporting Files";
			sourceTree = "<group>";
		};
		7DADF86E1F347EC500BB0DF2 /* Extension */ = {
			isa = PBXGroup;
			children = (
				7DADF86F1F347ED100BB0DF2 /* NotificationCenter+Extension.swift */,
				7DADF8701F347ED100BB0DF2 /* NSMenuItem+Extension.swift */,
			);
			name = Extension;
			sourceTree = "<group>";
		};
/* End PBXGroup section */

/* Begin PBXNativeTarget section */
		7DADF85A1F347E8200BB0DF2 /* Suohai */ = {
			isa = PBXNativeTarget;
			buildConfigurationList = 7DADF86A1F347E8200BB0DF2 /* Build configuration list for PBXNativeTarget "Suohai" */;
			buildPhases = (
				7DADF8571F347E8200BB0DF2 /* Sources */,
				7DADF8581F347E8200BB0DF2 /* Frameworks */,
				7DADF8591F347E8200BB0DF2 /* Resources */,
			);
			buildRules = (
			);
			dependencies = (
			);
			name = Suohai;
			productName = Suohai;
			productReference = 7DADF85B1F347E8200BB0DF2 /* Suohai.app */;
			productType = "com.apple.product-type.application";
		};
/* End PBXNativeTarget section */

/* Begin PBXProject section */
		7DADF8531F347E8200BB0DF2 /* Project object */ = {
			isa = PBXProject;
			attributes = {
				LastSwiftUpdateCheck = 0830;
				LastUpgradeCheck = 0930;
				ORGANIZATIONNAME = Sunnyyoung;
				TargetAttributes = {
					7DADF85A1F347E8200BB0DF2 = {
						CreatedOnToolsVersion = 8.3.3;
						LastSwiftMigration = 0900;
						ProvisioningStyle = Automatic;
					};
				};
			};
			buildConfigurationList = 7DADF8561F347E8200BB0DF2 /* Build configuration list for PBXProject "Suohai" */;
			compatibilityVersion = "Xcode 3.2";
			developmentRegion = English;
			hasScannedForEncodings = 0;
			knownRegions = (
				en,
				"zh-Hans",
			);
			mainGroup = 7DADF8521F347E8200BB0DF2;
			productRefGroup = 7DADF85C1F347E8200BB0DF2 /* Products */;
			projectDirPath = "";
			projectRoot = "";
			targets = (
				7DADF85A1F347E8200BB0DF2 /* Suohai */,
			);
		};
/* End PBXProject section */

/* Begin PBXResourcesBuildPhase section */
		7DADF8591F347E8200BB0DF2 /* Resources */ = {
			isa = PBXResourcesBuildPhase;
			buildActionMask = 2147483647;
			files = (
				7DB6A5CA1F37081700149D6D /* Main.storyboard in Resources */,
				7DB6A5D11F37090100149D6D /* Localizable.strings in Resources */,
				7DADF8631F347E8200BB0DF2 /* Assets.xcassets in Resources */,
			);
			runOnlyForDeploymentPostprocessing = 0;
		};
/* End PBXResourcesBuildPhase section */

/* Begin PBXSourcesBuildPhase section */
		7DADF8571F347E8200BB0DF2 /* Sources */ = {
			isa = PBXSourcesBuildPhase;
			buildActionMask = 2147483647;
			files = (
				7DADF85F1F347E8200BB0DF2 /* AppDelegate.swift in Sources */,
				7DADF8751F347F0200BB0DF2 /* SuohaiListener.swift in Sources */,
				7DADF8721F347ED100BB0DF2 /* NSMenuItem+Extension.swift in Sources */,
				7DADF8761F347F0200BB0DF2 /* SuohaiController.swift in Sources */,
				7DADF8711F347ED100BB0DF2 /* NotificationCenter+Extension.swift in Sources */,
			);
			runOnlyForDeploymentPostprocessing = 0;
		};
/* End PBXSourcesBuildPhase section */

/* Begin PBXVariantGroup section */
		7DB6A5D31F37090100149D6D /* Localizable.strings */ = {
			isa = PBXVariantGroup;
			children = (
				7DB6A5D21F37090100149D6D /* en */,
				7DB6A5D41F37090200149D6D /* zh-Hans */,
			);
			name = Localizable.strings;
			sourceTree = "<group>";
		};
/* End PBXVariantGroup section */

/* Begin XCBuildConfiguration section */
		7DADF8681F347E8200BB0DF2 /* Debug */ = {
			isa = XCBuildConfiguration;
			buildSettings = {
				ALWAYS_SEARCH_USER_PATHS = NO;
				CLANG_ANALYZER_LOCALIZABILITY_NONLOCALIZED = YES;
				CLANG_ANALYZER_NONNULL = YES;
				CLANG_ANALYZER_NUMBER_OBJECT_CONVERSION = YES_AGGRESSIVE;
				CLANG_CXX_LANGUAGE_STANDARD = "gnu++0x";
				CLANG_CXX_LIBRARY = "libc++";
				CLANG_ENABLE_MODULES = YES;
				CLANG_ENABLE_OBJC_ARC = YES;
				CLANG_WARN_BLOCK_CAPTURE_AUTORELEASING = YES;
				CLANG_WARN_BOOL_CONVERSION = YES;
				CLANG_WARN_COMMA = YES;
				CLANG_WARN_CONSTANT_CONVERSION = YES;
				CLANG_WARN_DEPRECATED_OBJC_IMPLEMENTATIONS = YES;
				CLANG_WARN_DIRECT_OBJC_ISA_USAGE = YES_ERROR;
				CLANG_WARN_DOCUMENTATION_COMMENTS = YES;
				CLANG_WARN_EMPTY_BODY = YES;
				CLANG_WARN_ENUM_CONVERSION = YES;
				CLANG_WARN_INFINITE_RECURSION = YES;
				CLANG_WARN_INT_CONVERSION = YES;
				CLANG_WARN_NON_LITERAL_NULL_CONVERSION = YES;
				CLANG_WARN_OBJC_IMPLICIT_RETAIN_SELF = YES;
				CLANG_WARN_OBJC_LITERAL_CONVERSION = YES;
				CLANG_WARN_OBJC_ROOT_CLASS = YES_ERROR;
				CLANG_WARN_RANGE_LOOP_ANALYSIS = YES;
				CLANG_WARN_STRICT_PROTOTYPES = YES;
				CLANG_WARN_SUSPICIOUS_MOVE = YES;
				CLANG_WARN_UNREACHABLE_CODE = YES;
				CLANG_WARN__DUPLICATE_METHOD_MATCH = YES;
				CODE_SIGN_IDENTITY = "-";
				COPY_PHASE_STRIP = NO;
				DEBUG_INFORMATION_FORMAT = dwarf;
				ENABLE_STRICT_OBJC_MSGSEND = YES;
				ENABLE_TESTABILITY = YES;
				GCC_C_LANGUAGE_STANDARD = gnu99;
				GCC_DYNAMIC_NO_PIC = NO;
				GCC_NO_COMMON_BLOCKS = YES;
				GCC_OPTIMIZATION_LEVEL = 0;
				GCC_PREPROCESSOR_DEFINITIONS = (
					"DEBUG=1",
					"$(inherited)",
				);
				GCC_WARN_64_TO_32_BIT_CONVERSION = YES;
				GCC_WARN_ABOUT_RETURN_TYPE = YES_ERROR;
				GCC_WARN_UNDECLARED_SELECTOR = YES;
				GCC_WARN_UNINITIALIZED_AUTOS = YES_AGGRESSIVE;
				GCC_WARN_UNUSED_FUNCTION = YES;
				GCC_WARN_UNUSED_VARIABLE = YES;
				MACOSX_DEPLOYMENT_TARGET = 10.13;
				MTL_ENABLE_DEBUG_INFO = YES;
				ONLY_ACTIVE_ARCH = YES;
				SDKROOT = macosx;
				SWIFT_ACTIVE_COMPILATION_CONDITIONS = DEBUG;
				SWIFT_OPTIMIZATION_LEVEL = "-Onone";
			};
			name = Debug;
		};
		7DADF8691F347E8200BB0DF2 /* Release */ = {
			isa = XCBuildConfiguration;
			buildSettings = {
				ALWAYS_SEARCH_USER_PATHS = NO;
				CLANG_ANALYZER_LOCALIZABILITY_NONLOCALIZED = YES;
				CLANG_ANALYZER_NONNULL = YES;
				CLANG_ANALYZER_NUMBER_OBJECT_CONVERSION = YES_AGGRESSIVE;
				CLANG_CXX_LANGUAGE_STANDARD = "gnu++0x";
				CLANG_CXX_LIBRARY = "libc++";
				CLANG_ENABLE_MODULES = YES;
				CLANG_ENABLE_OBJC_ARC = YES;
				CLANG_WARN_BLOCK_CAPTURE_AUTORELEASING = YES;
				CLANG_WARN_BOOL_CONVERSION = YES;
				CLANG_WARN_COMMA = YES;
				CLANG_WARN_CONSTANT_CONVERSION = YES;
				CLANG_WARN_DEPRECATED_OBJC_IMPLEMENTATIONS = YES;
				CLANG_WARN_DIRECT_OBJC_ISA_USAGE = YES_ERROR;
				CLANG_WARN_DOCUMENTATION_COMMENTS = YES;
				CLANG_WARN_EMPTY_BODY = YES;
				CLANG_WARN_ENUM_CONVERSION = YES;
				CLANG_WARN_INFINITE_RECURSION = YES;
				CLANG_WARN_INT_CONVERSION = YES;
				CLANG_WARN_NON_LITERAL_NULL_CONVERSION = YES;
				CLANG_WARN_OBJC_IMPLICIT_RETAIN_SELF = YES;
				CLANG_WARN_OBJC_LITERAL_CONVERSION = YES;
				CLANG_WARN_OBJC_ROOT_CLASS = YES_ERROR;
				CLANG_WARN_RANGE_LOOP_ANALYSIS = YES;
				CLANG_WARN_STRICT_PROTOTYPES = YES;
				CLANG_WARN_SUSPICIOUS_MOVE = YES;
				CLANG_WARN_UNREACHABLE_CODE = YES;
				CLANG_WARN__DUPLICATE_METHOD_MATCH = YES;
				CODE_SIGN_IDENTITY = "-";
				COPY_PHASE_STRIP = NO;
				DEBUG_INFORMATION_FORMAT = "dwarf-with-dsym";
				ENABLE_NS_ASSERTIONS = NO;
				ENABLE_STRICT_OBJC_MSGSEND = YES;
				GCC_C_LANGUAGE_STANDARD = gnu99;
				GCC_NO_COMMON_BLOCKS = YES;
				GCC_WARN_64_TO_32_BIT_CONVERSION = YES;
				GCC_WARN_ABOUT_RETURN_TYPE = YES_ERROR;
				GCC_WARN_UNDECLARED_SELECTOR = YES;
				GCC_WARN_UNINITIALIZED_AUTOS = YES_AGGRESSIVE;
				GCC_WARN_UNUSED_FUNCTION = YES;
				GCC_WARN_UNUSED_VARIABLE = YES;
				MACOSX_DEPLOYMENT_TARGET = 10.13;
				MTL_ENABLE_DEBUG_INFO = NO;
				SDKROOT = macosx;
				SWIFT_OPTIMIZATION_LEVEL = "-Owholemodule";
			};
			name = Release;
		};
		7DADF86B1F347E8200BB0DF2 /* Debug */ = {
			isa = XCBuildConfiguration;
			buildSettings = {
				ASSETCATALOG_COMPILER_APPICON_NAME = AppIcon;
				COMBINE_HIDPI_IMAGES = YES;
				INFOPLIST_FILE = Suohai/Info.plist;
				LD_RUNPATH_SEARCH_PATHS = "$(inherited) @executable_path/../Frameworks";
				MACOSX_DEPLOYMENT_TARGET = 10.10;
				PRODUCT_BUNDLE_IDENTIFIER = net.sunnyyoung.Suohai;
				PRODUCT_NAME = "$(TARGET_NAME)";
				SWIFT_SWIFT3_OBJC_INFERENCE = Default;
				SWIFT_VERSION = 4.0;
			};
			name = Debug;
		};
		7DADF86C1F347E8200BB0DF2 /* Release */ = {
			isa = XCBuildConfiguration;
			buildSettings = {
				ASSETCATALOG_COMPILER_APPICON_NAME = AppIcon;
				COMBINE_HIDPI_IMAGES = YES;
				INFOPLIST_FILE = Suohai/Info.plist;
				LD_RUNPATH_SEARCH_PATHS = "$(inherited) @executable_path/../Frameworks";
				MACOSX_DEPLOYMENT_TARGET = 10.10;
				PRODUCT_BUNDLE_IDENTIFIER = net.sunnyyoung.Suohai;
				PRODUCT_NAME = "$(TARGET_NAME)";
				SWIFT_SWIFT3_OBJC_INFERENCE = Default;
				SWIFT_VERSION = 4.0;
			};
			name = Release;
		};
/* End XCBuildConfiguration section */

/* Begin XCConfigurationList section */
		7DADF8561F347E8200BB0DF2 /* Build configuration list for PBXProject "Suohai" */ = {
			isa = XCConfigurationList;
			buildConfigurations = (
				7DADF8681F347E8200BB0DF2 /* Debug */,
				7DADF8691F347E8200BB0DF2 /* Release */,
			);
			defaultConfigurationIsVisible = 0;
			defaultConfigurationName = Release;
		};
		7DADF86A1F347E8200BB0DF2 /* Build configuration list for PBXNativeTarget "Suohai" */ = {
			isa = XCConfigurationList;
			buildConfigurations = (
				7DADF86B1F347E8200BB0DF2 /* Debug */,
				7DADF86C1F347E8200BB0DF2 /* Release */,
			);
			defaultConfigurationIsVisible = 0;
			defaultConfigurationName = Release;
		};
/* End XCConfigurationList section */
	};
	rootObject = 7DADF8531F347E8200BB0DF2 /* Project object */;
}
